// !$*UTF8*$!
{
	archiveVersion = 1;
	classes = {
	};
	objectVersion = 56;
	objects = {

/* Begin PBXBuildFile section */
		FA3276BA2C2EA6BC00A4E7C6 /* AppDelegate.swift in Sources */ = {isa = PBXBuildFile; fileRef = FA3276B92C2EA6BC00A4E7C6 /* AppDelegate.swift */; };
		FA3276BC2C2EA6BC00A4E7C6 /* SceneDelegate.swift in Sources */ = {isa = PBXBuildFile; fileRef = FA3276BB2C2EA6BC00A4E7C6 /* SceneDelegate.swift */; };
		FA3276BE2C2EA6BC00A4E7C6 /* HomeViewController.swift in Sources */ = {isa = PBXBuildFile; fileRef = FA3276BD2C2EA6BC00A4E7C6 /* HomeViewController.swift */; };
		FA3276C12C2EA6BC00A4E7C6 /* Base in Resources */ = {isa = PBXBuildFile; fileRef = FA3276C02C2EA6BC00A4E7C6 /* Base */; };
		FA3276C32C2EA6BE00A4E7C6 /* Assets.xcassets in Resources */ = {isa = PBXBuildFile; fileRef = FA3276C22C2EA6BE00A4E7C6 /* Assets.xcassets */; };
		FA3276D42C2EB21400A4E7C6 /* SearchViewController.swift in Sources */ = {isa = PBXBuildFile; fileRef = FA3276D32C2EB21400A4E7C6 /* SearchViewController.swift */; };
		FA3276D62C2EB25B00A4E7C6 /* TabBarViewController.swift in Sources */ = {isa = PBXBuildFile; fileRef = FA3276D52C2EB25B00A4E7C6 /* TabBarViewController.swift */; };
		FA3276D82C2EB36D00A4E7C6 /* LibraryViewController.swift in Sources */ = {isa = PBXBuildFile; fileRef = FA3276D72C2EB36D00A4E7C6 /* LibraryViewController.swift */; };
		FA3276DC2C2EB3F200A4E7C6 /* AuthViewController.swift in Sources */ = {isa = PBXBuildFile; fileRef = FA3276DB2C2EB3F200A4E7C6 /* AuthViewController.swift */; };
		FA3276DE2C2EB40500A4E7C6 /* WelcomeViewController.swift in Sources */ = {isa = PBXBuildFile; fileRef = FA3276DD2C2EB40500A4E7C6 /* WelcomeViewController.swift */; };
		FA3276E02C2EB42000A4E7C6 /* SettingsViewController.swift in Sources */ = {isa = PBXBuildFile; fileRef = FA3276DF2C2EB42000A4E7C6 /* SettingsViewController.swift */; };
		FA3276E22C2EB43E00A4E7C6 /* ProfileViewController.swift in Sources */ = {isa = PBXBuildFile; fileRef = FA3276E12C2EB43E00A4E7C6 /* ProfileViewController.swift */; };
		FA3276E42C2EB46500A4E7C6 /* PlayerViewController.swift in Sources */ = {isa = PBXBuildFile; fileRef = FA3276E32C2EB46500A4E7C6 /* PlayerViewController.swift */; };
		FA3276E62C2EB47400A4E7C6 /* SearchResultViewController.swift in Sources */ = {isa = PBXBuildFile; fileRef = FA3276E52C2EB47400A4E7C6 /* SearchResultViewController.swift */; };
		FA3276E82C2EB51500A4E7C6 /* AuthManager.swift in Sources */ = {isa = PBXBuildFile; fileRef = FA3276E72C2EB51500A4E7C6 /* AuthManager.swift */; };
		FA3276EA2C2EB54A00A4E7C6 /* APICaller.swift in Sources */ = {isa = PBXBuildFile; fileRef = FA3276E92C2EB54A00A4E7C6 /* APICaller.swift */; };
		FA3276EC2C2EB56100A4E7C6 /* HapticsManager.swift in Sources */ = {isa = PBXBuildFile; fileRef = FA3276EB2C2EB56100A4E7C6 /* HapticsManager.swift */; };
		FA3276EE2C2EB59500A4E7C6 /* PlayList.swift in Sources */ = {isa = PBXBuildFile; fileRef = FA3276ED2C2EB59500A4E7C6 /* PlayList.swift */; };
		FA3276F02C2EB5C100A4E7C6 /* AudioTrack.swift in Sources */ = {isa = PBXBuildFile; fileRef = FA3276EF2C2EB5C100A4E7C6 /* AudioTrack.swift */; };
		FA3276F22C2EB5EB00A4E7C6 /* Artist.swift in Sources */ = {isa = PBXBuildFile; fileRef = FA3276F12C2EB5EB00A4E7C6 /* Artist.swift */; };
		FA3276F42C2EB60C00A4E7C6 /* UserProfile.swift in Sources */ = {isa = PBXBuildFile; fileRef = FA3276F32C2EB60C00A4E7C6 /* UserProfile.swift */; };
		FA3276F62C32835800A4E7C6 /* Extensions.swift in Sources */ = {isa = PBXBuildFile; fileRef = FA3276F52C32835800A4E7C6 /* Extensions.swift */; };
		FA3276F82C32BB4B00A4E7C6 /* AuthResponse.swift in Sources */ = {isa = PBXBuildFile; fileRef = FA3276F72C32BB4B00A4E7C6 /* AuthResponse.swift */; };
/* End PBXBuildFile section */

/* Begin PBXFileReference section */
		FA3276B62C2EA6BC00A4E7C6 /* Spotify.app */ = {isa = PBXFileReference; explicitFileType = wrapper.application; includeInIndex = 0; path = Spotify.app; sourceTree = BUILT_PRODUCTS_DIR; };
		FA3276B92C2EA6BC00A4E7C6 /* AppDelegate.swift */ = {isa = PBXFileReference; lastKnownFileType = sourcecode.swift; path = AppDelegate.swift; sourceTree = "<group>"; };
		FA3276BB2C2EA6BC00A4E7C6 /* SceneDelegate.swift */ = {isa = PBXFileReference; lastKnownFileType = sourcecode.swift; path = SceneDelegate.swift; sourceTree = "<group>"; };
		FA3276BD2C2EA6BC00A4E7C6 /* HomeViewController.swift */ = {isa = PBXFileReference; lastKnownFileType = sourcecode.swift; path = HomeViewController.swift; sourceTree = "<group>"; };
		FA3276C02C2EA6BC00A4E7C6 /* Base */ = {isa = PBXFileReference; lastKnownFileType = file.storyboard; name = Base; path = Base.lproj/Main.storyboard; sourceTree = "<group>"; };
		FA3276C22C2EA6BE00A4E7C6 /* Assets.xcassets */ = {isa = PBXFileReference; lastKnownFileType = folder.assetcatalog; path = Assets.xcassets; sourceTree = "<group>"; };
		FA3276C72C2EA6BE00A4E7C6 /* Info.plist */ = {isa = PBXFileReference; lastKnownFileType = text.plist.xml; path = Info.plist; sourceTree = "<group>"; };
		FA3276D32C2EB21400A4E7C6 /* SearchViewController.swift */ = {isa = PBXFileReference; lastKnownFileType = sourcecode.swift; path = SearchViewController.swift; sourceTree = "<group>"; };
		FA3276D52C2EB25B00A4E7C6 /* TabBarViewController.swift */ = {isa = PBXFileReference; lastKnownFileType = sourcecode.swift; path = TabBarViewController.swift; sourceTree = "<group>"; };
		FA3276D72C2EB36D00A4E7C6 /* LibraryViewController.swift */ = {isa = PBXFileReference; lastKnownFileType = sourcecode.swift; path = LibraryViewController.swift; sourceTree = "<group>"; };
		FA3276DB2C2EB3F200A4E7C6 /* AuthViewController.swift */ = {isa = PBXFileReference; lastKnownFileType = sourcecode.swift; path = AuthViewController.swift; sourceTree = "<group>"; };
		FA3276DD2C2EB40500A4E7C6 /* WelcomeViewController.swift */ = {isa = PBXFileReference; lastKnownFileType = sourcecode.swift; path = WelcomeViewController.swift; sourceTree = "<group>"; };
		FA3276DF2C2EB42000A4E7C6 /* SettingsViewController.swift */ = {isa = PBXFileReference; lastKnownFileType = sourcecode.swift; path = SettingsViewController.swift; sourceTree = "<group>"; };
		FA3276E12C2EB43E00A4E7C6 /* ProfileViewController.swift */ = {isa = PBXFileReference; lastKnownFileType = sourcecode.swift; path = ProfileViewController.swift; sourceTree = "<group>"; };
		FA3276E32C2EB46500A4E7C6 /* PlayerViewController.swift */ = {isa = PBXFileReference; lastKnownFileType = sourcecode.swift; path = PlayerViewController.swift; sourceTree = "<group>"; };
		FA3276E52C2EB47400A4E7C6 /* SearchResultViewController.swift */ = {isa = PBXFileReference; lastKnownFileType = sourcecode.swift; path = SearchResultViewController.swift; sourceTree = "<group>"; };
		FA3276E72C2EB51500A4E7C6 /* AuthManager.swift */ = {isa = PBXFileReference; lastKnownFileType = sourcecode.swift; path = AuthManager.swift; sourceTree = "<group>"; };
		FA3276E92C2EB54A00A4E7C6 /* APICaller.swift */ = {isa = PBXFileReference; lastKnownFileType = sourcecode.swift; path = APICaller.swift; sourceTree = "<group>"; };
		FA3276EB2C2EB56100A4E7C6 /* HapticsManager.swift */ = {isa = PBXFileReference; lastKnownFileType = sourcecode.swift; path = HapticsManager.swift; sourceTree = "<group>"; };
		FA3276ED2C2EB59500A4E7C6 /* PlayList.swift */ = {isa = PBXFileReference; lastKnownFileType = sourcecode.swift; path = PlayList.swift; sourceTree = "<group>"; };
		FA3276EF2C2EB5C100A4E7C6 /* AudioTrack.swift */ = {isa = PBXFileReference; lastKnownFileType = sourcecode.swift; path = AudioTrack.swift; sourceTree = "<group>"; };
		FA3276F12C2EB5EB00A4E7C6 /* Artist.swift */ = {isa = PBXFileReference; lastKnownFileType = sourcecode.swift; path = Artist.swift; sourceTree = "<group>"; };
		FA3276F32C2EB60C00A4E7C6 /* UserProfile.swift */ = {isa = PBXFileReference; lastKnownFileType = sourcecode.swift; path = UserProfile.swift; sourceTree = "<group>"; };
		FA3276F52C32835800A4E7C6 /* Extensions.swift */ = {isa = PBXFileReference; lastKnownFileType = sourcecode.swift; path = Extensions.swift; sourceTree = "<group>"; };
		FA3276F72C32BB4B00A4E7C6 /* AuthResponse.swift */ = {isa = PBXFileReference; lastKnownFileType = sourcecode.swift; path = AuthResponse.swift; sourceTree = "<group>"; };
/* End PBXFileReference section */

/* Begin PBXFrameworksBuildPhase section */
		FA3276B32C2EA6BC00A4E7C6 /* Frameworks */ = {
			isa = PBXFrameworksBuildPhase;
			buildActionMask = 2147483647;
			files = (
			);
			runOnlyForDeploymentPostprocessing = 0;
		};
/* End PBXFrameworksBuildPhase section */

/* Begin PBXGroup section */
		FA3276AD2C2EA6BC00A4E7C6 = {
			isa = PBXGroup;
			children = (
				FA3276B82C2EA6BC00A4E7C6 /* Spotify */,
				FA3276B72C2EA6BC00A4E7C6 /* Products */,
			);
			sourceTree = "<group>";
		};
		FA3276B72C2EA6BC00A4E7C6 /* Products */ = {
			isa = PBXGroup;
			children = (
				FA3276B62C2EA6BC00A4E7C6 /* Spotify.app */,
			);
			name = Products;
			sourceTree = "<group>";
		};
		FA3276B82C2EA6BC00A4E7C6 /* Spotify */ = {
			isa = PBXGroup;
			children = (
				FA3276D22C2EAE1700A4E7C6 /* Views */,
				FA3276D12C2EADFB00A4E7C6 /* Controllers */,
				FA3276D02C2EADF200A4E7C6 /* ViewModels */,
				FA3276CF2C2EADE300A4E7C6 /* Models */,
				FA3276CE2C2EADDB00A4E7C6 /* Managers */,
				FA3276CD2C2EADA100A4E7C6 /* Resources */,
				FA3276C72C2EA6BE00A4E7C6 /* Info.plist */,
			);
			path = Spotify;
			sourceTree = "<group>";
		};
		FA3276CD2C2EADA100A4E7C6 /* Resources */ = {
			isa = PBXGroup;
			children = (
				FA3276C22C2EA6BE00A4E7C6 /* Assets.xcassets */,
				FA3276B92C2EA6BC00A4E7C6 /* AppDelegate.swift */,
				FA3276BB2C2EA6BC00A4E7C6 /* SceneDelegate.swift */,
				FA3276F52C32835800A4E7C6 /* Extensions.swift */,
			);
			path = Resources;
			sourceTree = "<group>";
		};
		FA3276CE2C2EADDB00A4E7C6 /* Managers */ = {
			isa = PBXGroup;
			children = (
				FA3276E72C2EB51500A4E7C6 /* AuthManager.swift */,
				FA3276E92C2EB54A00A4E7C6 /* APICaller.swift */,
				FA3276EB2C2EB56100A4E7C6 /* HapticsManager.swift */,
			);
			path = Managers;
			sourceTree = "<group>";
		};
		FA3276CF2C2EADE300A4E7C6 /* Models */ = {
			isa = PBXGroup;
			children = (
				FA3276ED2C2EB59500A4E7C6 /* PlayList.swift */,
				FA3276EF2C2EB5C100A4E7C6 /* AudioTrack.swift */,
				FA3276F12C2EB5EB00A4E7C6 /* Artist.swift */,
				FA3276F32C2EB60C00A4E7C6 /* UserProfile.swift */,
				FA3276F72C32BB4B00A4E7C6 /* AuthResponse.swift */,
			);
			path = Models;
			sourceTree = "<group>";
		};
		FA3276D02C2EADF200A4E7C6 /* ViewModels */ = {
			isa = PBXGroup;
			children = (
			);
			path = ViewModels;
			sourceTree = "<group>";
		};
		FA3276D12C2EADFB00A4E7C6 /* Controllers */ = {
			isa = PBXGroup;
			children = (
				FA3276DA2C2EB3C700A4E7C6 /* Other */,
				FA3276D92C2EB3A900A4E7C6 /* Core */,
			);
			path = Controllers;
			sourceTree = "<group>";
		};
		FA3276D22C2EAE1700A4E7C6 /* Views */ = {
			isa = PBXGroup;
			children = (
				FA3276BF2C2EA6BC00A4E7C6 /* Main.storyboard */,
			);
			path = Views;
			sourceTree = "<group>";
		};
		FA3276D92C2EB3A900A4E7C6 /* Core */ = {
			isa = PBXGroup;
			children = (
				FA3276BD2C2EA6BC00A4E7C6 /* HomeViewController.swift */,
				FA3276D32C2EB21400A4E7C6 /* SearchViewController.swift */,
				FA3276D52C2EB25B00A4E7C6 /* TabBarViewController.swift */,
				FA3276D72C2EB36D00A4E7C6 /* LibraryViewController.swift */,
			);
			path = Core;
			sourceTree = "<group>";
		};
		FA3276DA2C2EB3C700A4E7C6 /* Other */ = {
			isa = PBXGroup;
			children = (
				FA3276DB2C2EB3F200A4E7C6 /* AuthViewController.swift */,
				FA3276DD2C2EB40500A4E7C6 /* WelcomeViewController.swift */,
				FA3276DF2C2EB42000A4E7C6 /* SettingsViewController.swift */,
				FA3276E12C2EB43E00A4E7C6 /* ProfileViewController.swift */,
				FA3276E32C2EB46500A4E7C6 /* PlayerViewController.swift */,
				FA3276E52C2EB47400A4E7C6 /* SearchResultViewController.swift */,
			);
			path = Other;
			sourceTree = "<group>";
		};
/* End PBXGroup section */

/* Begin PBXNativeTarget section */
		FA3276B52C2EA6BC00A4E7C6 /* Spotify */ = {
			isa = PBXNativeTarget;
			buildConfigurationList = FA3276CA2C2EA6BE00A4E7C6 /* Build configuration list for PBXNativeTarget "Spotify" */;
			buildPhases = (
				FA3276B22C2EA6BC00A4E7C6 /* Sources */,
				FA3276B32C2EA6BC00A4E7C6 /* Frameworks */,
				FA3276B42C2EA6BC00A4E7C6 /* Resources */,
			);
			buildRules = (
			);
			dependencies = (
			);
			name = Spotify;
			productName = Spotify;
			productReference = FA3276B62C2EA6BC00A4E7C6 /* Spotify.app */;
			productType = "com.apple.product-type.application";
		};
/* End PBXNativeTarget section */

/* Begin PBXProject section */
		FA3276AE2C2EA6BC00A4E7C6 /* Project object */ = {
			isa = PBXProject;
			attributes = {
				BuildIndependentTargetsInParallel = 1;
				LastSwiftUpdateCheck = 1540;
				LastUpgradeCheck = 1540;
				TargetAttributes = {
					FA3276B52C2EA6BC00A4E7C6 = {
						CreatedOnToolsVersion = 15.4;
					};
				};
			};
			buildConfigurationList = FA3276B12C2EA6BC00A4E7C6 /* Build configuration list for PBXProject "Spotify" */;
			compatibilityVersion = "Xcode 14.0";
			developmentRegion = en;
			hasScannedForEncodings = 0;
			knownRegions = (
				en,
				Base,
			);
			mainGroup = FA3276AD2C2EA6BC00A4E7C6;
			productRefGroup = FA3276B72C2EA6BC00A4E7C6 /* Products */;
			projectDirPath = "";
			projectRoot = "";
			targets = (
				FA3276B52C2EA6BC00A4E7C6 /* Spotify */,
			);
		};
/* End PBXProject section */

/* Begin PBXResourcesBuildPhase section */
		FA3276B42C2EA6BC00A4E7C6 /* Resources */ = {
			isa = PBXResourcesBuildPhase;
			buildActionMask = 2147483647;
			files = (
				FA3276C32C2EA6BE00A4E7C6 /* Assets.xcassets in Resources */,
				FA3276C12C2EA6BC00A4E7C6 /* Base in Resources */,
			);
			runOnlyForDeploymentPostprocessing = 0;
		};
/* End PBXResourcesBuildPhase section */

/* Begin PBXSourcesBuildPhase section */
		FA3276B22C2EA6BC00A4E7C6 /* Sources */ = {
			isa = PBXSourcesBuildPhase;
			buildActionMask = 2147483647;
			files = (
				FA3276BE2C2EA6BC00A4E7C6 /* HomeViewController.swift in Sources */,
				FA3276DE2C2EB40500A4E7C6 /* WelcomeViewController.swift in Sources */,
				FA3276E22C2EB43E00A4E7C6 /* ProfileViewController.swift in Sources */,
				FA3276EC2C2EB56100A4E7C6 /* HapticsManager.swift in Sources */,
				FA3276F82C32BB4B00A4E7C6 /* AuthResponse.swift in Sources */,
				FA3276EA2C2EB54A00A4E7C6 /* APICaller.swift in Sources */,
				FA3276F62C32835800A4E7C6 /* Extensions.swift in Sources */,
				FA3276E82C2EB51500A4E7C6 /* AuthManager.swift in Sources */,
				FA3276BA2C2EA6BC00A4E7C6 /* AppDelegate.swift in Sources */,
				FA3276F02C2EB5C100A4E7C6 /* AudioTrack.swift in Sources */,
				FA3276D42C2EB21400A4E7C6 /* SearchViewController.swift in Sources */,
				FA3276DC2C2EB3F200A4E7C6 /* AuthViewController.swift in Sources */,
				FA3276E62C2EB47400A4E7C6 /* SearchResultViewController.swift in Sources */,
				FA3276D62C2EB25B00A4E7C6 /* TabBarViewController.swift in Sources */,
				FA3276F22C2EB5EB00A4E7C6 /* Artist.swift in Sources */,
				FA3276EE2C2EB59500A4E7C6 /* PlayList.swift in Sources */,
				FA3276F42C2EB60C00A4E7C6 /* UserProfile.swift in Sources */,
				FA3276D82C2EB36D00A4E7C6 /* LibraryViewController.swift in Sources */,
				FA3276BC2C2EA6BC00A4E7C6 /* SceneDelegate.swift in Sources */,
				FA3276E42C2EB46500A4E7C6 /* PlayerViewController.swift in Sources */,
				FA3276E02C2EB42000A4E7C6 /* SettingsViewController.swift in Sources */,
			);
			runOnlyForDeploymentPostprocessing = 0;
		};
/* End PBXSourcesBuildPhase section */

/* Begin PBXVariantGroup section */
		FA3276BF2C2EA6BC00A4E7C6 /* Main.storyboard */ = {
			isa = PBXVariantGroup;
			children = (
				FA3276C02C2EA6BC00A4E7C6 /* Base */,
			);
			name = Main.storyboard;
			sourceTree = "<group>";
		};
/* End PBXVariantGroup section */

/* Begin XCBuildConfiguration section */
		FA3276C82C2EA6BE00A4E7C6 /* Debug */ = {
			isa = XCBuildConfiguration;
			buildSettings = {
				ALWAYS_SEARCH_USER_PATHS = NO;
				ASSETCATALOG_COMPILER_GENERATE_SWIFT_ASSET_SYMBOL_EXTENSIONS = YES;
				CLANG_ANALYZER_NONNULL = YES;
				CLANG_ANALYZER_NUMBER_OBJECT_CONVERSION = YES_AGGRESSIVE;
				CLANG_CXX_LANGUAGE_STANDARD = "gnu++20";
				CLANG_ENABLE_MODULES = YES;
				CLANG_ENABLE_OBJC_ARC = YES;
				CLANG_ENABLE_OBJC_WEAK = YES;
				CLANG_WARN_BLOCK_CAPTURE_AUTORELEASING = YES;
				CLANG_WARN_BOOL_CONVERSION = YES;
				CLANG_WARN_COMMA = YES;
				CLANG_WARN_CONSTANT_CONVERSION = YES;
				CLANG_WARN_DEPRECATED_OBJC_IMPLEMENTATIONS = YES;
				CLANG_WARN_DIRECT_OBJC_ISA_USAGE = YES_ERROR;
				CLANG_WARN_DOCUMENTATION_COMMENTS = YES;
				CLANG_WARN_EMPTY_BODY = YES;
				CLANG_WARN_ENUM_CONVERSION = YES;
				CLANG_WARN_INFINITE_RECURSION = YES;
				CLANG_WARN_INT_CONVERSION = YES;
				CLANG_WARN_NON_LITERAL_NULL_CONVERSION = YES;
				CLANG_WARN_OBJC_IMPLICIT_RETAIN_SELF = YES;
				CLANG_WARN_OBJC_LITERAL_CONVERSION = YES;
				CLANG_WARN_OBJC_ROOT_CLASS = YES_ERROR;
				CLANG_WARN_QUOTED_INCLUDE_IN_FRAMEWORK_HEADER = YES;
				CLANG_WARN_RANGE_LOOP_ANALYSIS = YES;
				CLANG_WARN_STRICT_PROTOTYPES = YES;
				CLANG_WARN_SUSPICIOUS_MOVE = YES;
				CLANG_WARN_UNGUARDED_AVAILABILITY = YES_AGGRESSIVE;
				CLANG_WARN_UNREACHABLE_CODE = YES;
				CLANG_WARN__DUPLICATE_METHOD_MATCH = YES;
				COPY_PHASE_STRIP = NO;
				DEBUG_INFORMATION_FORMAT = dwarf;
				ENABLE_STRICT_OBJC_MSGSEND = YES;
				ENABLE_TESTABILITY = YES;
				ENABLE_USER_SCRIPT_SANDBOXING = YES;
				GCC_C_LANGUAGE_STANDARD = gnu17;
				GCC_DYNAMIC_NO_PIC = NO;
				GCC_NO_COMMON_BLOCKS = YES;
				GCC_OPTIMIZATION_LEVEL = 0;
				GCC_PREPROCESSOR_DEFINITIONS = (
					"DEBUG=1",
					"$(inherited)",
				);
				GCC_WARN_64_TO_32_BIT_CONVERSION = YES;
				GCC_WARN_ABOUT_RETURN_TYPE = YES_ERROR;
				GCC_WARN_UNDECLARED_SELECTOR = YES;
				GCC_WARN_UNINITIALIZED_AUTOS = YES_AGGRESSIVE;
				GCC_WARN_UNUSED_FUNCTION = YES;
				GCC_WARN_UNUSED_VARIABLE = YES;
				IPHONEOS_DEPLOYMENT_TARGET = 17.5;
				LOCALIZATION_PREFERS_STRING_CATALOGS = YES;
				MTL_ENABLE_DEBUG_INFO = INCLUDE_SOURCE;
				MTL_FAST_MATH = YES;
				ONLY_ACTIVE_ARCH = YES;
				SDKROOT = iphoneos;
				SWIFT_ACTIVE_COMPILATION_CONDITIONS = "DEBUG $(inherited)";
				SWIFT_OPTIMIZATION_LEVEL = "-Onone";
			};
			name = Debug;
		};
		FA3276C92C2EA6BE00A4E7C6 /* Release */ = {
			isa = XCBuildConfiguration;
			buildSettings = {
				ALWAYS_SEARCH_USER_PATHS = NO;
				ASSETCATALOG_COMPILER_GENERATE_SWIFT_ASSET_SYMBOL_EXTENSIONS = YES;
				CLANG_ANALYZER_NONNULL = YES;
				CLANG_ANALYZER_NUMBER_OBJECT_CONVERSION = YES_AGGRESSIVE;
				CLANG_CXX_LANGUAGE_STANDARD = "gnu++20";
				CLANG_ENABLE_MODULES = YES;
				CLANG_ENABLE_OBJC_ARC = YES;
				CLANG_ENABLE_OBJC_WEAK = YES;
				CLANG_WARN_BLOCK_CAPTURE_AUTORELEASING = YES;
				CLANG_WARN_BOOL_CONVERSION = YES;
				CLANG_WARN_COMMA = YES;
				CLANG_WARN_CONSTANT_CONVERSION = YES;
				CLANG_WARN_DEPRECATED_OBJC_IMPLEMENTATIONS = YES;
				CLANG_WARN_DIRECT_OBJC_ISA_USAGE = YES_ERROR;
				CLANG_WARN_DOCUMENTATION_COMMENTS = YES;
				CLANG_WARN_EMPTY_BODY = YES;
				CLANG_WARN_ENUM_CONVERSION = YES;
				CLANG_WARN_INFINITE_RECURSION = YES;
				CLANG_WARN_INT_CONVERSION = YES;
				CLANG_WARN_NON_LITERAL_NULL_CONVERSION = YES;
				CLANG_WARN_OBJC_IMPLICIT_RETAIN_SELF = YES;
				CLANG_WARN_OBJC_LITERAL_CONVERSION = YES;
				CLANG_WARN_OBJC_ROOT_CLASS = YES_ERROR;
				CLANG_WARN_QUOTED_INCLUDE_IN_FRAMEWORK_HEADER = YES;
				CLANG_WARN_RANGE_LOOP_ANALYSIS = YES;
				CLANG_WARN_STRICT_PROTOTYPES = YES;
				CLANG_WARN_SUSPICIOUS_MOVE = YES;
				CLANG_WARN_UNGUARDED_AVAILABILITY = YES_AGGRESSIVE;
				CLANG_WARN_UNREACHABLE_CODE = YES;
				CLANG_WARN__DUPLICATE_METHOD_MATCH = YES;
				COPY_PHASE_STRIP = NO;
				DEBUG_INFORMATION_FORMAT = "dwarf-with-dsym";
				ENABLE_NS_ASSERTIONS = NO;
				ENABLE_STRICT_OBJC_MSGSEND = YES;
				ENABLE_USER_SCRIPT_SANDBOXING = YES;
				GCC_C_LANGUAGE_STANDARD = gnu17;
				GCC_NO_COMMON_BLOCKS = YES;
				GCC_WARN_64_TO_32_BIT_CONVERSION = YES;
				GCC_WARN_ABOUT_RETURN_TYPE = YES_ERROR;
				GCC_WARN_UNDECLARED_SELECTOR = YES;
				GCC_WARN_UNINITIALIZED_AUTOS = YES_AGGRESSIVE;
				GCC_WARN_UNUSED_FUNCTION = YES;
				GCC_WARN_UNUSED_VARIABLE = YES;
				IPHONEOS_DEPLOYMENT_TARGET = 17.5;
				LOCALIZATION_PREFERS_STRING_CATALOGS = YES;
				MTL_ENABLE_DEBUG_INFO = NO;
				MTL_FAST_MATH = YES;
				SDKROOT = iphoneos;
				SWIFT_COMPILATION_MODE = wholemodule;
				VALIDATE_PRODUCT = YES;
			};
			name = Release;
		};
		FA3276CB2C2EA6BE00A4E7C6 /* Debug */ = {
			isa = XCBuildConfiguration;
			buildSettings = {
				ASSETCATALOG_COMPILER_APPICON_NAME = AppIcon;
				ASSETCATALOG_COMPILER_GLOBAL_ACCENT_COLOR_NAME = AccentColor;
				CODE_SIGN_STYLE = Automatic;
				CURRENT_PROJECT_VERSION = 1;
				GENERATE_INFOPLIST_FILE = YES;
				INFOPLIST_FILE = Spotify/Info.plist;
				INFOPLIST_KEY_UIApplicationSupportsIndirectInputEvents = YES;
				INFOPLIST_KEY_UILaunchStoryboardName = LaunchScreen;
				INFOPLIST_KEY_UIMainStoryboardFile = Main;
				INFOPLIST_KEY_UISupportedInterfaceOrientations_iPad = "UIInterfaceOrientationPortrait UIInterfaceOrientationPortraitUpsideDown UIInterfaceOrientationLandscapeLeft UIInterfaceOrientationLandscapeRight";
				INFOPLIST_KEY_UISupportedInterfaceOrientations_iPhone = "UIInterfaceOrientationPortrait UIInterfaceOrientationLandscapeLeft UIInterfaceOrientationLandscapeRight";
				LD_RUNPATH_SEARCH_PATHS = (
					"$(inherited)",
					"@executable_path/Frameworks",
				);
				MARKETING_VERSION = 1.0;
				PRODUCT_BUNDLE_IDENTIFIER = com.persagy.Spotify;
				PRODUCT_NAME = "$(TARGET_NAME)";
				SWIFT_EMIT_LOC_STRINGS = YES;
				SWIFT_VERSION = 5.0;
				TARGETED_DEVICE_FAMILY = "1,2";
			};
			name = Debug;
		};
		FA3276CC2C2EA6BE00A4E7C6 /* Release */ = {
			isa = XCBuildConfiguration;
			buildSettings = {
				ASSETCATALOG_COMPILER_APPICON_NAME = AppIcon;
				ASSETCATALOG_COMPILER_GLOBAL_ACCENT_COLOR_NAME = AccentColor;
				CODE_SIGN_STYLE = Automatic;
				CURRENT_PROJECT_VERSION = 1;
				GENERATE_INFOPLIST_FILE = YES;
				INFOPLIST_FILE = Spotify/Info.plist;
				INFOPLIST_KEY_UIApplicationSupportsIndirectInputEvents = YES;
				INFOPLIST_KEY_UILaunchStoryboardName = LaunchScreen;
				INFOPLIST_KEY_UIMainStoryboardFile = Main;
				INFOPLIST_KEY_UISupportedInterfaceOrientations_iPad = "UIInterfaceOrientationPortrait UIInterfaceOrientationPortraitUpsideDown UIInterfaceOrientationLandscapeLeft UIInterfaceOrientationLandscapeRight";
				INFOPLIST_KEY_UISupportedInterfaceOrientations_iPhone = "UIInterfaceOrientationPortrait UIInterfaceOrientationLandscapeLeft UIInterfaceOrientationLandscapeRight";
				LD_RUNPATH_SEARCH_PATHS = (
					"$(inherited)",
					"@executable_path/Frameworks",
				);
				MARKETING_VERSION = 1.0;
				PRODUCT_BUNDLE_IDENTIFIER = com.persagy.Spotify;
				PRODUCT_NAME = "$(TARGET_NAME)";
				SWIFT_EMIT_LOC_STRINGS = YES;
				SWIFT_VERSION = 5.0;
				TARGETED_DEVICE_FAMILY = "1,2";
			};
			name = Release;
		};
/* End XCBuildConfiguration section */

/* Begin XCConfigurationList section */
		FA3276B12C2EA6BC00A4E7C6 /* Build configuration list for PBXProject "Spotify" */ = {
			isa = XCConfigurationList;
			buildConfigurations = (
				FA3276C82C2EA6BE00A4E7C6 /* Debug */,
				FA3276C92C2EA6BE00A4E7C6 /* Release */,
			);
			defaultConfigurationIsVisible = 0;
			defaultConfigurationName = Release;
		};
		FA3276CA2C2EA6BE00A4E7C6 /* Build configuration list for PBXNativeTarget "Spotify" */ = {
			isa = XCConfigurationList;
			buildConfigurations = (
				FA3276CB2C2EA6BE00A4E7C6 /* Debug */,
				FA3276CC2C2EA6BE00A4E7C6 /* Release */,
			);
			defaultConfigurationIsVisible = 0;
			defaultConfigurationName = Release;
		};
/* End XCConfigurationList section */
	};
	rootObject = FA3276AE2C2EA6BC00A4E7C6 /* Project object */;
}
